
Microsoft Visual Studio Solution File, Format Version 12.00
# Visual Studio Version 17
VisualStudioVersion = 17.13.35931.197 d17.13
MinimumVisualStudioVersion = 10.0.40219.1
Project("{FAE04EC0-301F-11D3-BF4B-00C04F79EFBC}") = "ExpenseTracker", "ExpenseTracker\ExpenseTracker.csproj", "{8D79316C-06C7-44D2-B573-2097EAC32897}"
EndProject
Global
	GlobalSection(SolutionConfigurationPlatforms) = preSolution
		Debug|Any CPU = Debug|Any CPU
		Release|Any CPU = Release|Any CPU
	EndGlobalSection
	GlobalSection(ProjectConfigurationPlatforms) = postSolution
		{8D79316C-06C7-44D2-B573-2097EAC32897}.Debug|Any CPU.ActiveCfg = Debug|Any CPU
		{8D79316C-06C7-44D2-B573-2097EAC32897}.Debug|Any CPU.Build.0 = Debug|Any CPU
		{8D79316C-06C7-44D2-B573-2097EAC32897}.Release|Any CPU.ActiveCfg = Release|Any CPU
		{8D79316C-06C7-44D2-B573-2097EAC32897}.Release|Any CPU.Build.0 = Release|Any CPU
	EndGlobalSection
	GlobalSection(SolutionProperties) = preSolution
		HideSolutionNode = FALSE
	EndGlobalSection
	GlobalSection(ExtensibilityGlobals) = postSolution
		SolutionGuid = {20FB10BB-CAD7-4C08-B341-348E3E455FE7}
	EndGlobalSection
EndGlobal
